{
  "schema": 1,
  "local": [],
  "git": {
    "https://github.com/anthropics/claude-code.git": "f1af9b1f4b1fd4c776135381606edada82ef638e",
    "https://github.com/mattpocock/skills.git": "6654f6b60cd9d5be8b54c6fafe44346dabeb3b76"
  },
  "collections": [
    {
      "source": "git@github.com:fsmiamoto/skills.git",
      "root": "skills",
      "commit": "bcb493c8ffa144db4678a1ebd8211aada1c7a902",
      "members": [
        "delegate",
        "grill",
        "implement",
        "playwright-cli",
        "pr-comments",
        "tty-test"
      ]
    }
  ]
}
