{
  "schema": 1,
  "local": [],
  "git": {
    "https://github.com/DietrichGebert/ponytail.git": "356918eba965ee1eac64bd3a7f0dd02108350de5",
    "https://github.com/anthropics/claude-code.git": "ab9b2cf7bb9e4f98ff264c07a22e46d83c29c558",
    "https://github.com/mattpocock/skills.git": "3cca18b368ae95cdbdebbff572ccafa662551015"
  },
  "collections": [
    {
      "source": "git@github.com:fsmiamoto/skills.git",
      "root": "skills",
      "commit": "322a34c0080893ca0d31154f75dbecd7f7badc94",
      "members": [
        "delegate",
        "grill",
        "implement",
        "playwright-cli",
        "pr-comments",
        "record-demo",
        "tty-test"
      ]
    }
  ]
}
