{
  "schema": 1,
  "local": [],
  "git": {
    "https://github.com/anthropics/claude-code.git": "ac062f33ab0ca7c62b9df648d0f2027fa9b969f0",
    "https://github.com/mattpocock/skills.git": "ed37663cc5fbef691ddfecd080dff42f7e7e350d"
  },
  "collections": [
    {
      "source": "git@github.com:fsmiamoto/skills.git",
      "root": "skills",
      "commit": "caf80b76dca7a1585040bebba6bab9db6a69fe2a",
      "members": [
        "delegate",
        "implement",
        "playwright-cli",
        "tty-test"
      ]
    }
  ]
}
